
Microsoft Visual Studio Solution File, Format Version 12.00
# Visual Studio Version 17
VisualStudioVersion = 17.0.31611.283
MinimumVisualStudioVersion = 10.0.40219.1
Project("{9A19103F-16F7-4668-BE54-9A1E7A4F7556}") = "UI_Ejercicio1_U8_DI", "UI_Ejercicio1_U8_DI\UI_Ejercicio1_U8_DI.csproj", "{EDF76EF4-2330-4D62-B1F3-C7AEE2B4123D}"
EndProject
Project("{FAE04EC0-301F-11D3-BF4B-00C04F79EFBC}") = "UI_Ejercicio2_U8_DI", "UI_Ejercicio2_U8_DI\UI_Ejercicio2_U8_DI.csproj", "{C12FBFB8-30A5-44ED-AC74-F07778D088F0}"
EndProject
Project("{FAE04EC0-301F-11D3-BF4B-00C04F79EFBC}") = "UI_Ejercicio3_U8_DI", "UI_Ejercicio3_U8_DI\UI_Ejercicio3_U8_DI.csproj", "{AB820A21-C6EC-452F-8236-3806154A24E3}"
EndProject
Project("{FAE04EC0-301F-11D3-BF4B-00C04F79EFBC}") = "UI_Ejercicio4_U8_DI", "UI_Ejercicio4_U8_DI\UI_Ejercicio4_U8_DI.csproj", "{91B9CB20-1E3B-4C2E-A30E-405DEDA17947}"
EndProject
Global
	GlobalSection(SolutionConfigurationPlatforms) = preSolution
		Debug|Any CPU = Debug|Any CPU
		Release|Any CPU = Release|Any CPU
	EndGlobalSection
	GlobalSection(ProjectConfigurationPlatforms) = postSolution
		{EDF76EF4-2330-4D62-B1F3-C7AEE2B4123D}.Debug|Any CPU.ActiveCfg = Debug|Any CPU
		{EDF76EF4-2330-4D62-B1F3-C7AEE2B4123D}.Debug|Any CPU.Build.0 = Debug|Any CPU
		{EDF76EF4-2330-4D62-B1F3-C7AEE2B4123D}.Debug|Any CPU.Deploy.0 = Debug|Any CPU
		{EDF76EF4-2330-4D62-B1F3-C7AEE2B4123D}.Release|Any CPU.ActiveCfg = Release|Any CPU
		{EDF76EF4-2330-4D62-B1F3-C7AEE2B4123D}.Release|Any CPU.Build.0 = Release|Any CPU
		{EDF76EF4-2330-4D62-B1F3-C7AEE2B4123D}.Release|Any CPU.Deploy.0 = Release|Any CPU
		{C12FBFB8-30A5-44ED-AC74-F07778D088F0}.Debug|Any CPU.ActiveCfg = Debug|Any CPU
		{C12FBFB8-30A5-44ED-AC74-F07778D088F0}.Debug|Any CPU.Build.0 = Debug|Any CPU
		{C12FBFB8-30A5-44ED-AC74-F07778D088F0}.Debug|Any CPU.Deploy.0 = Debug|Any CPU
		{C12FBFB8-30A5-44ED-AC74-F07778D088F0}.Release|Any CPU.ActiveCfg = Release|Any CPU
		{C12FBFB8-30A5-44ED-AC74-F07778D088F0}.Release|Any CPU.Build.0 = Release|Any CPU
		{C12FBFB8-30A5-44ED-AC74-F07778D088F0}.Release|Any CPU.Deploy.0 = Release|Any CPU
		{AB820A21-C6EC-452F-8236-3806154A24E3}.Debug|Any CPU.ActiveCfg = Debug|Any CPU
		{AB820A21-C6EC-452F-8236-3806154A24E3}.Debug|Any CPU.Build.0 = Debug|Any CPU
		{AB820A21-C6EC-452F-8236-3806154A24E3}.Debug|Any CPU.Deploy.0 = Debug|Any CPU
		{AB820A21-C6EC-452F-8236-3806154A24E3}.Release|Any CPU.ActiveCfg = Release|Any CPU
		{AB820A21-C6EC-452F-8236-3806154A24E3}.Release|Any CPU.Build.0 = Release|Any CPU
		{AB820A21-C6EC-452F-8236-3806154A24E3}.Release|Any CPU.Deploy.0 = Release|Any CPU
		{91B9CB20-1E3B-4C2E-A30E-405DEDA17947}.Debug|Any CPU.ActiveCfg = Debug|Any CPU
		{91B9CB20-1E3B-4C2E-A30E-405DEDA17947}.Debug|Any CPU.Build.0 = Debug|Any CPU
		{91B9CB20-1E3B-4C2E-A30E-405DEDA17947}.Debug|Any CPU.Deploy.0 = Debug|Any CPU
		{91B9CB20-1E3B-4C2E-A30E-405DEDA17947}.Release|Any CPU.ActiveCfg = Release|Any CPU
		{91B9CB20-1E3B-4C2E-A30E-405DEDA17947}.Release|Any CPU.Build.0 = Release|Any CPU
		{91B9CB20-1E3B-4C2E-A30E-405DEDA17947}.Release|Any CPU.Deploy.0 = Release|Any CPU
	EndGlobalSection
	GlobalSection(SolutionProperties) = preSolution
		HideSolutionNode = FALSE
	EndGlobalSection
	GlobalSection(ExtensibilityGlobals) = postSolution
		SolutionGuid = {61F7FB11-1E47-470C-91E2-47F8143E1572}
	EndGlobalSection
EndGlobal
