
Microsoft Visual Studio Solution File, Format Version 12.00
# Visual Studio Version 17
VisualStudioVersion = 17.0.31611.283
MinimumVisualStudioVersion = 10.0.40219.1
Project("{9A19103F-16F7-4668-BE54-9A1E7A4F7556}") = "UI_Ejercicio1_U10_DI", "UI_Ejercicio1_U10_DI\UI_Ejercicio1_U10_DI.csproj", "{F4043130-8CD3-4F66-A260-5140A58DC181}"
EndProject
Project("{FAE04EC0-301F-11D3-BF4B-00C04F79EFBC}") = "Entidades_Ejercicios1Y2_U10_DI", "Entidades_Ejercicios1Y2_U10_DI\Entidades_Ejercicios1Y2_U10_DI.csproj", "{575C4395-E302-4BF1-861D-F7FC74C51534}"
EndProject
Project("{FAE04EC0-301F-11D3-BF4B-00C04F79EFBC}") = "DAL_Ejercicios1y2_U10_DI", "DAL_Ejercicios1y2_U10_DI\DAL_Ejercicios1y2_U10_DI.csproj", "{3E592420-485C-42FE-A362-47B62E7E531F}"
EndProject
Project("{FAE04EC0-301F-11D3-BF4B-00C04F79EFBC}") = "UI_Ejercicio2_U10_DI", "UI_Ejercicio2_U10_DI\UI_Ejercicio2_U10_DI.csproj", "{24A25691-72CC-4BFF-B464-CEEC872D13A6}"
EndProject
Global
	GlobalSection(SolutionConfigurationPlatforms) = preSolution
		Debug|Any CPU = Debug|Any CPU
		Release|Any CPU = Release|Any CPU
	EndGlobalSection
	GlobalSection(ProjectConfigurationPlatforms) = postSolution
		{F4043130-8CD3-4F66-A260-5140A58DC181}.Debug|Any CPU.ActiveCfg = Debug|Any CPU
		{F4043130-8CD3-4F66-A260-5140A58DC181}.Debug|Any CPU.Build.0 = Debug|Any CPU
		{F4043130-8CD3-4F66-A260-5140A58DC181}.Debug|Any CPU.Deploy.0 = Debug|Any CPU
		{F4043130-8CD3-4F66-A260-5140A58DC181}.Release|Any CPU.ActiveCfg = Release|Any CPU
		{F4043130-8CD3-4F66-A260-5140A58DC181}.Release|Any CPU.Build.0 = Release|Any CPU
		{F4043130-8CD3-4F66-A260-5140A58DC181}.Release|Any CPU.Deploy.0 = Release|Any CPU
		{575C4395-E302-4BF1-861D-F7FC74C51534}.Debug|Any CPU.ActiveCfg = Debug|Any CPU
		{575C4395-E302-4BF1-861D-F7FC74C51534}.Debug|Any CPU.Build.0 = Debug|Any CPU
		{575C4395-E302-4BF1-861D-F7FC74C51534}.Release|Any CPU.ActiveCfg = Release|Any CPU
		{575C4395-E302-4BF1-861D-F7FC74C51534}.Release|Any CPU.Build.0 = Release|Any CPU
		{3E592420-485C-42FE-A362-47B62E7E531F}.Debug|Any CPU.ActiveCfg = Debug|Any CPU
		{3E592420-485C-42FE-A362-47B62E7E531F}.Debug|Any CPU.Build.0 = Debug|Any CPU
		{3E592420-485C-42FE-A362-47B62E7E531F}.Release|Any CPU.ActiveCfg = Release|Any CPU
		{3E592420-485C-42FE-A362-47B62E7E531F}.Release|Any CPU.Build.0 = Release|Any CPU
		{24A25691-72CC-4BFF-B464-CEEC872D13A6}.Debug|Any CPU.ActiveCfg = Debug|Any CPU
		{24A25691-72CC-4BFF-B464-CEEC872D13A6}.Debug|Any CPU.Build.0 = Debug|Any CPU
		{24A25691-72CC-4BFF-B464-CEEC872D13A6}.Debug|Any CPU.Deploy.0 = Debug|Any CPU
		{24A25691-72CC-4BFF-B464-CEEC872D13A6}.Release|Any CPU.ActiveCfg = Release|Any CPU
		{24A25691-72CC-4BFF-B464-CEEC872D13A6}.Release|Any CPU.Build.0 = Release|Any CPU
		{24A25691-72CC-4BFF-B464-CEEC872D13A6}.Release|Any CPU.Deploy.0 = Release|Any CPU
	EndGlobalSection
	GlobalSection(SolutionProperties) = preSolution
		HideSolutionNode = FALSE
	EndGlobalSection
	GlobalSection(ExtensibilityGlobals) = postSolution
		SolutionGuid = {61F7FB11-1E47-470C-91E2-47F8143E1572}
	EndGlobalSection
EndGlobal
