
Microsoft Visual Studio Solution File, Format Version 12.00
# Visual Studio Version 17
VisualStudioVersion = 17.0.31611.283
MinimumVisualStudioVersion = 10.0.40219.1
Project("{9A19103F-16F7-4668-BE54-9A1E7A4F7556}") = "UI_Ejercicio1_U7_DI", "UI_Ejercicio1_U7_DI\UI_Ejercicio1_U7_DI.csproj", "{B8FA5C12-FD51-4AF3-8043-3A8D61F5EDE8}"
EndProject
Project("{9A19103F-16F7-4668-BE54-9A1E7A4F7556}") = "UI_Ejercicio2_U7_DI", "UI_Ejercicio2_U7_DI\UI_Ejercicio2_U7_DI.csproj", "{BCCE522A-2AB1-4E1C-B73E-5ADB4A4BB103}"
EndProject
Project("{FAE04EC0-301F-11D3-BF4B-00C04F79EFBC}") = "UI_Ejercicio3_U7_DI", "UI_Ejercicio3_U7_DI\UI_Ejercicio3_U7_DI.csproj", "{6DAE7F55-6FBB-44D5-9EA8-1066CF202604}"
EndProject
Project("{FAE04EC0-301F-11D3-BF4B-00C04F79EFBC}") = "Entidades_Ejercicios_U7_DI", "Entidades_Ejercicios_U7_DI\Entidades_Ejercicios_U7_DI.csproj", "{92710A5D-4CA4-4D66-B3C3-1D22548F2334}"
EndProject
Project("{FAE04EC0-301F-11D3-BF4B-00C04F79EFBC}") = "UI_Ejercicio4_U7_DI", "UI_Ejercicio4_U7_DI\UI_Ejercicio4_U7_DI.csproj", "{60FC1AC5-751B-48D0-9A52-C16FD1201CA7}"
EndProject
Global
	GlobalSection(SolutionConfigurationPlatforms) = preSolution
		Debug|Any CPU = Debug|Any CPU
		Release|Any CPU = Release|Any CPU
	EndGlobalSection
	GlobalSection(ProjectConfigurationPlatforms) = postSolution
		{B8FA5C12-FD51-4AF3-8043-3A8D61F5EDE8}.Debug|Any CPU.ActiveCfg = Debug|Any CPU
		{B8FA5C12-FD51-4AF3-8043-3A8D61F5EDE8}.Debug|Any CPU.Build.0 = Debug|Any CPU
		{B8FA5C12-FD51-4AF3-8043-3A8D61F5EDE8}.Debug|Any CPU.Deploy.0 = Debug|Any CPU
		{B8FA5C12-FD51-4AF3-8043-3A8D61F5EDE8}.Release|Any CPU.ActiveCfg = Release|Any CPU
		{B8FA5C12-FD51-4AF3-8043-3A8D61F5EDE8}.Release|Any CPU.Build.0 = Release|Any CPU
		{B8FA5C12-FD51-4AF3-8043-3A8D61F5EDE8}.Release|Any CPU.Deploy.0 = Release|Any CPU
		{BCCE522A-2AB1-4E1C-B73E-5ADB4A4BB103}.Debug|Any CPU.ActiveCfg = Debug|Any CPU
		{BCCE522A-2AB1-4E1C-B73E-5ADB4A4BB103}.Debug|Any CPU.Build.0 = Debug|Any CPU
		{BCCE522A-2AB1-4E1C-B73E-5ADB4A4BB103}.Debug|Any CPU.Deploy.0 = Debug|Any CPU
		{BCCE522A-2AB1-4E1C-B73E-5ADB4A4BB103}.Release|Any CPU.ActiveCfg = Release|Any CPU
		{BCCE522A-2AB1-4E1C-B73E-5ADB4A4BB103}.Release|Any CPU.Build.0 = Release|Any CPU
		{BCCE522A-2AB1-4E1C-B73E-5ADB4A4BB103}.Release|Any CPU.Deploy.0 = Release|Any CPU
		{6DAE7F55-6FBB-44D5-9EA8-1066CF202604}.Debug|Any CPU.ActiveCfg = Debug|Any CPU
		{6DAE7F55-6FBB-44D5-9EA8-1066CF202604}.Debug|Any CPU.Build.0 = Debug|Any CPU
		{6DAE7F55-6FBB-44D5-9EA8-1066CF202604}.Debug|Any CPU.Deploy.0 = Debug|Any CPU
		{6DAE7F55-6FBB-44D5-9EA8-1066CF202604}.Release|Any CPU.ActiveCfg = Release|Any CPU
		{6DAE7F55-6FBB-44D5-9EA8-1066CF202604}.Release|Any CPU.Build.0 = Release|Any CPU
		{6DAE7F55-6FBB-44D5-9EA8-1066CF202604}.Release|Any CPU.Deploy.0 = Release|Any CPU
		{92710A5D-4CA4-4D66-B3C3-1D22548F2334}.Debug|Any CPU.ActiveCfg = Debug|Any CPU
		{92710A5D-4CA4-4D66-B3C3-1D22548F2334}.Debug|Any CPU.Build.0 = Debug|Any CPU
		{92710A5D-4CA4-4D66-B3C3-1D22548F2334}.Release|Any CPU.ActiveCfg = Release|Any CPU
		{92710A5D-4CA4-4D66-B3C3-1D22548F2334}.Release|Any CPU.Build.0 = Release|Any CPU
		{60FC1AC5-751B-48D0-9A52-C16FD1201CA7}.Debug|Any CPU.ActiveCfg = Debug|Any CPU
		{60FC1AC5-751B-48D0-9A52-C16FD1201CA7}.Debug|Any CPU.Build.0 = Debug|Any CPU
		{60FC1AC5-751B-48D0-9A52-C16FD1201CA7}.Debug|Any CPU.Deploy.0 = Debug|Any CPU
		{60FC1AC5-751B-48D0-9A52-C16FD1201CA7}.Release|Any CPU.ActiveCfg = Release|Any CPU
		{60FC1AC5-751B-48D0-9A52-C16FD1201CA7}.Release|Any CPU.Build.0 = Release|Any CPU
		{60FC1AC5-751B-48D0-9A52-C16FD1201CA7}.Release|Any CPU.Deploy.0 = Release|Any CPU
	EndGlobalSection
	GlobalSection(SolutionProperties) = preSolution
		HideSolutionNode = FALSE
	EndGlobalSection
	GlobalSection(ExtensibilityGlobals) = postSolution
		SolutionGuid = {61F7FB11-1E47-470C-91E2-47F8143E1572}
	EndGlobalSection
EndGlobal
